
Microsoft Visual Studio Solution File, Format Version 12.00
# Visual Studio Version 16
VisualStudioVersion = 16.0.29519.87
MinimumVisualStudioVersion = 10.0.40219.1
Project("{FAE04EC0-301F-11D3-BF4B-00C04F79EFBC}") = "COSC3337-FinalProject", "COSC3337-FinalProject\COSC3337-FinalProject.csproj", "{D2229E27-C821-47F3-86FE-08F418DFC036}"
EndProject
Global
	GlobalSection(SolutionConfigurationPlatforms) = preSolution
		Debug|Any CPU = Debug|Any CPU
		Release|Any CPU = Release|Any CPU
	EndGlobalSection
	GlobalSection(ProjectConfigurationPlatforms) = postSolution
		{D2229E27-C821-47F3-86FE-08F418DFC036}.Debug|Any CPU.ActiveCfg = Debug|Any CPU
		{D2229E27-C821-47F3-86FE-08F418DFC036}.Debug|Any CPU.Build.0 = Debug|Any CPU
		{D2229E27-C821-47F3-86FE-08F418DFC036}.Release|Any CPU.ActiveCfg = Release|Any CPU
		{D2229E27-C821-47F3-86FE-08F418DFC036}.Release|Any CPU.Build.0 = Release|Any CPU
	EndGlobalSection
	GlobalSection(SolutionProperties) = preSolution
		HideSolutionNode = FALSE
	EndGlobalSection
	GlobalSection(ExtensibilityGlobals) = postSolution
		SolutionGuid = {25AC2CF0-A442-4DD3-886C-393BA6B96F5D}
	EndGlobalSection
EndGlobal
